
Microsoft Visual Studio Solution File, Format Version 12.00
# Visual Studio Version 16
VisualStudioVersion = 16.0.31410.357
MinimumVisualStudioVersion = 10.0.40219.1
Project("{FAE04EC0-301F-11D3-BF4B-00C04F79EFBC}") = "Gateway.Web", "Gateway.Web\Gateway.Web.csproj", "{803F8A2C-1013-47C9-B776-BB59788A2CB0}"
EndProject
Project("{FAE04EC0-301F-11D3-BF4B-00C04F79EFBC}") = "Gateway.Data", "Gateway.Data\Gateway.Data.csproj", "{0C052DFC-B2BA-4AFE-97A7-A8A2B8F5C923}"
EndProject
Project("{FAE04EC0-301F-11D3-BF4B-00C04F79EFBC}") = "Gateway.Core", "Gateway.Core\Gateway.Core.csproj", "{79FA716B-5643-465F-89B8-61EEB82E887F}"
EndProject
Global
	GlobalSection(SolutionConfigurationPlatforms) = preSolution
		Debug|Any CPU = Debug|Any CPU
		Release|Any CPU = Release|Any CPU
	EndGlobalSection
	GlobalSection(ProjectConfigurationPlatforms) = postSolution
		{803F8A2C-1013-47C9-B776-BB59788A2CB0}.Debug|Any CPU.ActiveCfg = Debug|Any CPU
		{803F8A2C-1013-47C9-B776-BB59788A2CB0}.Debug|Any CPU.Build.0 = Debug|Any CPU
		{803F8A2C-1013-47C9-B776-BB59788A2CB0}.Release|Any CPU.ActiveCfg = Release|Any CPU
		{803F8A2C-1013-47C9-B776-BB59788A2CB0}.Release|Any CPU.Build.0 = Release|Any CPU
		{0C052DFC-B2BA-4AFE-97A7-A8A2B8F5C923}.Debug|Any CPU.ActiveCfg = Debug|Any CPU
		{0C052DFC-B2BA-4AFE-97A7-A8A2B8F5C923}.Debug|Any CPU.Build.0 = Debug|Any CPU
		{0C052DFC-B2BA-4AFE-97A7-A8A2B8F5C923}.Release|Any CPU.ActiveCfg = Release|Any CPU
		{0C052DFC-B2BA-4AFE-97A7-A8A2B8F5C923}.Release|Any CPU.Build.0 = Release|Any CPU
		{79FA716B-5643-465F-89B8-61EEB82E887F}.Debug|Any CPU.ActiveCfg = Debug|Any CPU
		{79FA716B-5643-465F-89B8-61EEB82E887F}.Debug|Any CPU.Build.0 = Debug|Any CPU
		{79FA716B-5643-465F-89B8-61EEB82E887F}.Release|Any CPU.ActiveCfg = Release|Any CPU
		{79FA716B-5643-465F-89B8-61EEB82E887F}.Release|Any CPU.Build.0 = Release|Any CPU
	EndGlobalSection
	GlobalSection(SolutionProperties) = preSolution
		HideSolutionNode = FALSE
	EndGlobalSection
	GlobalSection(ExtensibilityGlobals) = postSolution
		SolutionGuid = {62F72E93-66C2-423E-9E02-B98EE712EFBD}
	EndGlobalSection
EndGlobal
